<?xml version="1.0" encoding="utf-8"?>
<Project ToolsVersion="4.0" xmlns="http://schemas.microsoft.com/developer/msbuild/2003">
  <ItemGroup>
    <CudaCompile Include="kernel.cu" />
  </ItemGroup>
  <ItemGroup>
    <Filter Include="Headers">
      <UniqueIdentifier>{539ee63a-0482-47fc-a0b0-4f18bb7271bd}</UniqueIdentifier>
    </Filter>
  </ItemGroup>
  <ItemGroup>
    <ClInclude Include="Fractal.hpp">
      <Filter>Headers</Filter>
    </ClInclude>
    <ClInclude Include="GLManger.hpp">
      <Filter>Headers</Filter>
    </ClInclude>
    <ClInclude Include="Sets.hpp">
      <Filter>Headers</Filter>
    </ClInclude>
    <ClInclude Include="View.hpp">
      <Filter>Headers</Filter>
    </ClInclude>
    <ClInclude Include="Colors.hpp">
      <Filter>Headers</Filter>
    </ClInclude>
  </ItemGroup>
</Project>